
Microsoft Visual Studio Solution File, Format Version 12.00
# Visual Studio 15
VisualStudioVersion = 15.0.28307.757
MinimumVisualStudioVersion = 10.0.40219.1
Project("{FAE04EC0-301F-11D3-BF4B-00C04F79EFBC}") = "Algorithms", "Algorithms\Algorithms.csproj", "{573EBE0F-5FED-48F2-9B1E-61D0882D7552}"
EndProject
Global
	GlobalSection(SolutionConfigurationPlatforms) = preSolution
		Debug|Any CPU = Debug|Any CPU
		Release|Any CPU = Release|Any CPU
	EndGlobalSection
	GlobalSection(ProjectConfigurationPlatforms) = postSolution
		{573EBE0F-5FED-48F2-9B1E-61D0882D7552}.Debug|Any CPU.ActiveCfg = Debug|Any CPU
		{573EBE0F-5FED-48F2-9B1E-61D0882D7552}.Debug|Any CPU.Build.0 = Debug|Any CPU
		{573EBE0F-5FED-48F2-9B1E-61D0882D7552}.Release|Any CPU.ActiveCfg = Release|Any CPU
		{573EBE0F-5FED-48F2-9B1E-61D0882D7552}.Release|Any CPU.Build.0 = Release|Any CPU
	EndGlobalSection
	GlobalSection(SolutionProperties) = preSolution
		HideSolutionNode = FALSE
	EndGlobalSection
	GlobalSection(ExtensibilityGlobals) = postSolution
		SolutionGuid = {F199E9BF-EE7F-46E6-9938-A39496C28304}
	EndGlobalSection
EndGlobal
